<?xml version="1.0" encoding="utf-8"?>
<Project ToolsVersion="4.0" xmlns="http://schemas.microsoft.com/developer/msbuild/2003">
  <ItemGroup>
    <Filter Include="Source Files">
      <UniqueIdentifier>{4FC737F1-C7A5-4376-A066-2A32D752A2FF}</UniqueIdentifier>
      <Extensions>cpp;c;cc;cxx;c++;cppm;ixx;def;odl;idl;hpj;bat;asm;asmx</Extensions>
    </Filter>
    <Filter Include="Header Files">
      <UniqueIdentifier>{93995380-89BD-4b04-88EB-625FBE52EBFB}</UniqueIdentifier>
      <Extensions>h;hh;hpp;hxx;h++;hm;inl;inc;ipp;xsd</Extensions>
    </Filter>
    <Filter Include="Resource Files">
      <UniqueIdentifier>{67DA6AB6-F800-4c08-8B7A-83BB121AAD01}</UniqueIdentifier>
      <Extensions>rc;ico;cur;bmp;dlg;rc2;rct;bin;rgs;gif;jpg;jpeg;jpe;resx;tiff;tif;png;wav;mfcribbon-ms</Extensions>
    </Filter>
    <Filter Include="Header Files\ui">
      <UniqueIdentifier>{c1dffa2c-bfe2-48a9-a52d-6a983964806d}</UniqueIdentifier>
    </Filter>
    <Filter Include="Source Files\ui">
      <UniqueIdentifier>{6c0150c2-c3a6-43d6-9999-cb2de2de9163}</UniqueIdentifier>
    </Filter>
    <Filter Include="Header Files\lua">
      <UniqueIdentifier>{d82dc902-a0c5-44ab-ae26-42b772b4c827}</UniqueIdentifier>
    </Filter>
    <Filter Include="Source Files\lua">
      <UniqueIdentifier>{0b03b08c-1cad-47e9-8a4b-a3aba4f3787b}</UniqueIdentifier>
    </Filter>
    <Filter Include="Header Files\xinput">
      <UniqueIdentifier>{1455e81d-dbc2-42de-80f4-5598ef262b14}</UniqueIdentifier>
    </Filter>
    <Filter Include="Source Files\xinput">
      <UniqueIdentifier>{f096863f-dec3-4a40-a448-ed2801d2346b}</UniqueIdentifier>
    </Filter>
    <Filter Include="Source Files\script">
      <UniqueIdentifier>{220c6f12-a7b1-4861-bc49-1bb85371e6f7}</UniqueIdentifier>
    </Filter>
    <Filter Include="lib">
      <UniqueIdentifier>{93943dea-8e60-48c7-a935-4af9591dede7}</UniqueIdentifier>
    </Filter>
  </ItemGroup>
  <ItemGroup>
    <ClCompile Include="main.cpp">
      <Filter>Source Files</Filter>
    </ClCompile>
    <ClCompile Include="lunar_tray.cpp">
      <Filter>Source Files\ui</Filter>
    </ClCompile>
    <ClCompile Include="lunar_poller.cpp">
      <Filter>Source Files\lua</Filter>
    </ClCompile>
    <ClCompile Include="lunar_state.cpp">
      <Filter>Source Files\lua</Filter>
    </ClCompile>
    <ClCompile Include="lunar_easing.cpp">
      <Filter>Source Files\lua</Filter>
    </ClCompile>
    <ClCompile Include="lunar_helpers.cpp">
      <Filter>Source Files\lua</Filter>
    </ClCompile>
    <ClCompile Include="lunar_input.cpp">
      <Filter>Source Files\lua</Filter>
    </ClCompile>
    <ClCompile Include="lunar_controller.cpp">
      <Filter>Source Files\lua</Filter>
    </ClCompile>
    <ClCompile Include="lunar_process.cpp">
      <Filter>Source Files\lua</Filter>
    </ClCompile>
    <ClCompile Include="lunar_debug.cpp">
      <Filter>Source Files\lua</Filter>
    </ClCompile>
  </ItemGroup>
  <ItemGroup>
    <ClInclude Include="resource.h">
      <Filter>Header Files</Filter>
    </ClInclude>
    <ClInclude Include="lunar_tray.hpp">
      <Filter>Header Files\ui</Filter>
    </ClInclude>
    <ClInclude Include="lunar_poller.hpp">
      <Filter>Header Files\lua</Filter>
    </ClInclude>
    <ClInclude Include="lunar_easing.hpp">
      <Filter>Header Files\lua</Filter>
    </ClInclude>
    <ClInclude Include="lunar_helpers.hpp">
      <Filter>Header Files\lua</Filter>
    </ClInclude>
    <ClInclude Include="lunar_state.hpp">
      <Filter>Header Files\lua</Filter>
    </ClInclude>
    <ClInclude Include="lunar_input.hpp">
      <Filter>Header Files\lua</Filter>
    </ClInclude>
    <ClInclude Include="xbox_controller.hpp">
      <Filter>Header Files\xinput</Filter>
    </ClInclude>
    <ClInclude Include="lunar_controller.hpp">
      <Filter>Header Files\lua</Filter>
    </ClInclude>
    <ClInclude Include="lunar_process.hpp">
      <Filter>Header Files\lua</Filter>
    </ClInclude>
    <ClInclude Include="lunar_debug.hpp">
      <Filter>Header Files\lua</Filter>
    </ClInclude>
  </ItemGroup>
  <ItemGroup>
    <ResourceCompile Include="lunar360.rc">
      <Filter>Resource Files</Filter>
    </ResourceCompile>
  </ItemGroup>
  <ItemGroup>
    <Image Include="..\icon\icon-face.ico">
      <Filter>Resource Files</Filter>
    </Image>
    <Image Include="..\icon\icon-noface.ico">
      <Filter>Resource Files</Filter>
    </Image>
  </ItemGroup>
  <ItemGroup>
    <CopyFileToFolders Include="lunar360.lua">
      <Filter>Source Files\script</Filter>
    </CopyFileToFolders>
    <CopyFileToFolders Include="..\lua5.4\lua54.dll">
      <Filter>lib</Filter>
    </CopyFileToFolders>
  </ItemGroup>
</Project>